# This file is autogenerated, do not edit; changes may be undone by the next 'dep ensure'.


[[projects]]
  name = "github.com/go-chi/chi"
  packages = [".","middleware"]
  revision = "f7c66f685bcab06bcce78ac212c5f3553c063d19"
  version = "v3.3.0"

[solve-meta]
  analyzer-name = "dep"
  analyzer-version = 1
  inputs-digest = "8eabdfe61dfde1465e08790b89d15a2d8a52e9bdfe4cc4f6cfc56b68f116df80"
  solver-name = "gps-cdcl"
  solver-version = 1
