# This file is autogenerated, do not edit; changes may be undone by the next 'dep ensure'.


[[projects]]
  name = "github.com/go-chi/chi"
  packages = [".","middleware"]
  revision = "04ec7fc4179604b2390947258f9143eaae23b596"
  version = "v3.2.1"

[solve-meta]
  analyzer-name = "dep"
  analyzer-version = 1
  inputs-digest = "8dc72221610c429e9a8318af1ea2010ab2cc06daa2b5a852ed10572ec8ee9b81"
  solver-name = "gps-cdcl"
  solver-version = 1
