# This file is autogenerated, do not edit; changes may be undone by the next 'dep ensure'.


[[projects]]
  name = "github.com/go-chi/chi"
  packages = [".","middleware"]
  revision = "ba73ba0623af32e4e5f09880177e73bd78d98852"
  version = "v3.2.0"

[solve-meta]
  analyzer-name = "dep"
  analyzer-version = 1
  inputs-digest = "0f4f942ddbdf019e54e5e346c03beec2c2556e16404a9eace99463c59b47075d"
  solver-name = "gps-cdcl"
  solver-version = 1
