hash: f1080b3c59bdc6ad1a33026ea638a0abb28c64711b27a9614ad1e2d872b69be9
updated: 2017-03-22T20:23:48.920781005-05:00
imports:
- name: github.com/go-pg/pg
  version: 2246060a2a43f8282ad53295d56d780dbc930b7f
- name: github.com/gorilla/context
  version: 08b5f424b9271eedf6f9f0ce86cb9396ed337a42
- name: github.com/gorilla/mux
  version: 392c28fe23e1c45ddba891b0320b3b5df220beea
- name: github.com/jinzhu/inflection
  version: 1c35d901db3da928c72a72d8458480cc9ade058f
- name: gopkg.in/pg.v5
  version: d223c86b67b63331b349ec88e994a5c9ae831634
  subpackages:
  - internal
  - internal/parser
  - internal/pool
  - orm
  - types
testImports: []
