# This file is autogenerated, do not edit; changes may be undone by the next 'dep ensure'.


[[projects]]
  branch = "master"
  name = "github.com/dairycart/dairycart"
  packages = ["api/storage/models"]
  revision = "0ab2f60ba567e79f0e0e267b94ef29c2d300ac38"

[[projects]]
  name = "github.com/davecgh/go-spew"
  packages = ["spew"]
  revision = "346938d642f2ec3594ed81d874461961cd0faa76"
  version = "v1.1.0"

[[projects]]
  branch = "master"
  name = "github.com/lib/pq"
  packages = [".","oid"]
  revision = "83612a56d3dd153a94a629cd64925371c9adad78"

[[projects]]
  name = "github.com/pkg/errors"
  packages = ["."]
  revision = "645ef00459ed84a119197bfb8d8205042c6df63d"
  version = "v0.8.0"

[[projects]]
  name = "github.com/pmezard/go-difflib"
  packages = ["difflib"]
  revision = "792786c7400a136282c1664665ae0a8db921c6c2"
  version = "v1.0.0"

[[projects]]
  name = "github.com/stretchr/testify"
  packages = ["assert","require"]
  revision = "69483b4bd14f5845b5a1e55bca19e954e827f1d0"
  version = "v1.1.4"

[[projects]]
  name = "github.com/tdewolff/minify"
  packages = [".","json"]
  revision = "90df1aae5028a7cbb441bde86e86a55df6b5aa34"
  version = "v2.3.3"

[[projects]]
  name = "github.com/tdewolff/parse"
  packages = [".","buffer","json","strconv"]
  revision = "bace4cf682c41e03b154044b561575ff541b83e8"
  version = "v2.3.1"

[solve-meta]
  analyzer-name = "dep"
  analyzer-version = 1
  inputs-digest = "60aedfab71e8ee83fcecd236530c66e4a25eba54f0805dfcd4e4878fdfe109f5"
  solver-name = "gps-cdcl"
  solver-version = 1
