# This file is autogenerated, do not edit; changes may be undone by the next 'dep ensure'.


[[projects]]
  name = "github.com/Masterminds/squirrel"
  packages = ["."]
  revision = "a6b93000bd219143c56c16e6cb1c4b91da3f224b"
  version = "v1.0"

[[projects]]
  branch = "master"
  name = "github.com/dairycart/dairymodels"
  packages = ["v1"]
  revision = "6d187cf0d89318d0a3a9ba1a5b95a673f27f4470"

[[projects]]
  name = "github.com/davecgh/go-spew"
  packages = ["spew"]
  revision = "346938d642f2ec3594ed81d874461961cd0faa76"
  version = "v1.1.0"

[[projects]]
  branch = "master"
  name = "github.com/dchest/uniuri"
  packages = ["."]
  revision = "8902c56451e9b58ff940bbe5fec35d5f9c04584a"

[[projects]]
  name = "github.com/fatih/structs"
  packages = ["."]
  revision = "a720dfa8df582c51dee1b36feabb906bde1588bd"
  version = "v1.0"

[[projects]]
  name = "github.com/go-chi/chi"
  packages = [".","middleware"]
  revision = "687d2792aedd8e8ac3bbd8592cf55b91d7ea8ce9"
  version = "v3.3.1"

[[projects]]
  name = "github.com/gorilla/context"
  packages = ["."]
  revision = "1ea25387ff6f684839d82767c1733ff4d4d15d0a"
  version = "v1.1"

[[projects]]
  name = "github.com/gorilla/securecookie"
  packages = ["."]
  revision = "667fe4e3466a040b780561fe9b51a83a3753eefc"
  version = "v1.1"

[[projects]]
  name = "github.com/gorilla/sessions"
  packages = ["."]
  revision = "ca9ada44574153444b00d3fd9c8559e4cc95f896"
  version = "v1.1"

[[projects]]
  name = "github.com/imdario/mergo"
  packages = ["."]
  revision = "7fe0c75c13abdee74b09fcacef5ea1c6bba6a874"
  version = "0.2.4"

[[projects]]
  branch = "master"
  name = "github.com/lann/builder"
  packages = ["."]
  revision = "f22ce00fd9394014049dad11c244859432bd6820"

[[projects]]
  branch = "master"
  name = "github.com/lann/ps"
  packages = ["."]
  revision = "62de8c46ede02a7675c4c79c84883eb164cb71e3"

[[projects]]
  branch = "master"
  name = "github.com/lib/pq"
  packages = [".","oid"]
  revision = "83612a56d3dd153a94a629cd64925371c9adad78"

[[projects]]
  name = "github.com/mattes/migrate"
  packages = [".","database","database/postgres","source","source/file"]
  revision = "035c07716cd373d88456ec4d701402df52584cb4"
  version = "v3.0.1"

[[projects]]
  name = "github.com/pkg/errors"
  packages = ["."]
  revision = "645ef00459ed84a119197bfb8d8205042c6df63d"
  version = "v0.8.0"

[[projects]]
  name = "github.com/pmezard/go-difflib"
  packages = ["difflib"]
  revision = "792786c7400a136282c1664665ae0a8db921c6c2"
  version = "v1.0.0"

[[projects]]
  name = "github.com/sirupsen/logrus"
  packages = ["."]
  revision = "d682213848ed68c0a260ca37d6dd5ace8423f5ba"
  version = "v1.0.4"

[[projects]]
  branch = "master"
  name = "github.com/stretchr/objx"
  packages = ["."]
  revision = "1a9d0bb9f541897e62256577b352fdbc1fb4fd94"

[[projects]]
  name = "github.com/stretchr/testify"
  packages = ["assert","mock","require"]
  revision = "69483b4bd14f5845b5a1e55bca19e954e827f1d0"
  version = "v1.1.4"

[[projects]]
  branch = "master"
  name = "golang.org/x/crypto"
  packages = ["bcrypt","blowfish","ssh/terminal"]
  revision = "d585fd2cc9195196078f516b69daff6744ef5e84"

[[projects]]
  branch = "master"
  name = "golang.org/x/sys"
  packages = ["unix","windows"]
  revision = "d818ba11af4465e00c1998bd3f8a55603b422290"

[[projects]]
  name = "gopkg.in/DATA-DOG/go-sqlmock.v1"
  packages = ["."]
  revision = "d76b18b42f285b792bf985118980ce9eacea9d10"
  version = "v1.3.0"

[solve-meta]
  analyzer-name = "dep"
  analyzer-version = 1
  inputs-digest = "ada422a0bbc49e9971e25a9239be49b79916d728378a8766a5593b574a3942ef"
  solver-name = "gps-cdcl"
  solver-version = 1
